
Microsoft Visual Studio Solution File, Format Version 12.00
# Visual Studio Version 16
VisualStudioVersion = 16.0.31911.196
MinimumVisualStudioVersion = 10.0.40219.1
Project("{9A19103F-16F7-4668-BE54-9A1E7A4F7556}") = "EncapsulationHomework", "EncapsulationHomework\EncapsulationHomework.csproj", "{7815ECE4-0FA6-46B8-9E2C-1301A139AD97}"
EndProject
Project("{9A19103F-16F7-4668-BE54-9A1E7A4F7556}") = "Box", "Box\Box.csproj", "{10696BE6-2E85-4CDF-A59E-738326460F8D}"
EndProject
Project("{FAE04EC0-301F-11D3-BF4B-00C04F79EFBC}") = "Pizza", "Pizza\Pizza.csproj", "{86B9DF74-8FC5-464F-899E-6EE7F7AC215F}"
EndProject
Global
	GlobalSection(SolutionConfigurationPlatforms) = preSolution
		Debug|Any CPU = Debug|Any CPU
		Release|Any CPU = Release|Any CPU
	EndGlobalSection
	GlobalSection(ProjectConfigurationPlatforms) = postSolution
		{7815ECE4-0FA6-46B8-9E2C-1301A139AD97}.Debug|Any CPU.ActiveCfg = Debug|Any CPU
		{7815ECE4-0FA6-46B8-9E2C-1301A139AD97}.Debug|Any CPU.Build.0 = Debug|Any CPU
		{7815ECE4-0FA6-46B8-9E2C-1301A139AD97}.Release|Any CPU.ActiveCfg = Release|Any CPU
		{7815ECE4-0FA6-46B8-9E2C-1301A139AD97}.Release|Any CPU.Build.0 = Release|Any CPU
		{10696BE6-2E85-4CDF-A59E-738326460F8D}.Debug|Any CPU.ActiveCfg = Debug|Any CPU
		{10696BE6-2E85-4CDF-A59E-738326460F8D}.Debug|Any CPU.Build.0 = Debug|Any CPU
		{10696BE6-2E85-4CDF-A59E-738326460F8D}.Release|Any CPU.ActiveCfg = Release|Any CPU
		{10696BE6-2E85-4CDF-A59E-738326460F8D}.Release|Any CPU.Build.0 = Release|Any CPU
		{86B9DF74-8FC5-464F-899E-6EE7F7AC215F}.Debug|Any CPU.ActiveCfg = Debug|Any CPU
		{86B9DF74-8FC5-464F-899E-6EE7F7AC215F}.Debug|Any CPU.Build.0 = Debug|Any CPU
		{86B9DF74-8FC5-464F-899E-6EE7F7AC215F}.Release|Any CPU.ActiveCfg = Release|Any CPU
		{86B9DF74-8FC5-464F-899E-6EE7F7AC215F}.Release|Any CPU.Build.0 = Release|Any CPU
	EndGlobalSection
	GlobalSection(SolutionProperties) = preSolution
		HideSolutionNode = FALSE
	EndGlobalSection
	GlobalSection(ExtensibilityGlobals) = postSolution
		SolutionGuid = {B032739A-A12C-4F75-8437-29B14CAAA6D4}
	EndGlobalSection
EndGlobal
